
Microsoft Visual Studio Solution File, Format Version 12.00
# Visual Studio 14
VisualStudioVersion = 14.0.25420.1
MinimumVisualStudioVersion = 10.0.40219.1
Project("{9092AA53-FB77-4645-B42D-1CCCA6BD08BD}") = "TS_Test", "TS_Test.njsproj", "{06E8E098-E299-46E3-B59F-12EB89DAF024}"
EndProject
Global
	GlobalSection(SolutionConfigurationPlatforms) = preSolution
		Debug|Any CPU = Debug|Any CPU
		Release|Any CPU = Release|Any CPU
	EndGlobalSection
	GlobalSection(ProjectConfigurationPlatforms) = postSolution
		{06E8E098-E299-46E3-B59F-12EB89DAF024}.Debug|Any CPU.ActiveCfg = Debug|Any CPU
		{06E8E098-E299-46E3-B59F-12EB89DAF024}.Debug|Any CPU.Build.0 = Debug|Any CPU
		{06E8E098-E299-46E3-B59F-12EB89DAF024}.Release|Any CPU.ActiveCfg = Release|Any CPU
		{06E8E098-E299-46E3-B59F-12EB89DAF024}.Release|Any CPU.Build.0 = Release|Any CPU
	EndGlobalSection
	GlobalSection(SolutionProperties) = preSolution
		HideSolutionNode = FALSE
	EndGlobalSection
EndGlobal
